// !$*UTF8*$!
{
	archiveVersion = 1;
	classes = {
	};
	objectVersion = 46;
	objects = {

/* Begin PBXBuildFile section */
		9B0739011E730B4C00C553EA /* main.m in Sources */ = {isa = PBXBuildFile; fileRef = 9B0739001E730B4C00C553EA /* main.m */; };
		9B0739091E730B6B00C553EA /* InputCollector.m in Sources */ = {isa = PBXBuildFile; fileRef = 9B0739081E730B6B00C553EA /* InputCollector.m */; };
		9B07390C1E730CF300C553EA /* PaymentGateway.m in Sources */ = {isa = PBXBuildFile; fileRef = 9B07390B1E730CF300C553EA /* PaymentGateway.m */; };
		9B07390F1E730D9F00C553EA /* Amazon.m in Sources */ = {isa = PBXBuildFile; fileRef = 9B07390E1E730D9F00C553EA /* Amazon.m */; };
		9B0739121E730DA400C553EA /* Paypal.m in Sources */ = {isa = PBXBuildFile; fileRef = 9B0739111E730DA400C553EA /* Paypal.m */; };
		9B0739151E730DA900C553EA /* Stripe.m in Sources */ = {isa = PBXBuildFile; fileRef = 9B0739141E730DA900C553EA /* Stripe.m */; };
/* End PBXBuildFile section */

/* Begin PBXCopyFilesBuildPhase section */
		9B0738FB1E730B4C00C553EA /* CopyFiles */ = {
			isa = PBXCopyFilesBuildPhase;
			buildActionMask = 2147483647;
			dstPath = /usr/share/man/man1/;
			dstSubfolderSpec = 0;
			files = (
			);
			runOnlyForDeploymentPostprocessing = 1;
		};
/* End PBXCopyFilesBuildPhase section */

/* Begin PBXFileReference section */
		9B0738FD1E730B4C00C553EA /* Payments */ = {isa = PBXFileReference; explicitFileType = "compiled.mach-o.executable"; includeInIndex = 0; path = Payments; sourceTree = BUILT_PRODUCTS_DIR; };
		9B0739001E730B4C00C553EA /* main.m */ = {isa = PBXFileReference; lastKnownFileType = sourcecode.c.objc; path = main.m; sourceTree = "<group>"; };
		9B0739071E730B6B00C553EA /* InputCollector.h */ = {isa = PBXFileReference; fileEncoding = 4; lastKnownFileType = sourcecode.c.h; path = InputCollector.h; sourceTree = "<group>"; };
		9B0739081E730B6B00C553EA /* InputCollector.m */ = {isa = PBXFileReference; fileEncoding = 4; lastKnownFileType = sourcecode.c.objc; path = InputCollector.m; sourceTree = "<group>"; };
		9B07390A1E730CF300C553EA /* PaymentGateway.h */ = {isa = PBXFileReference; fileEncoding = 4; lastKnownFileType = sourcecode.c.h; path = PaymentGateway.h; sourceTree = "<group>"; };
		9B07390B1E730CF300C553EA /* PaymentGateway.m */ = {isa = PBXFileReference; fileEncoding = 4; lastKnownFileType = sourcecode.c.objc; path = PaymentGateway.m; sourceTree = "<group>"; };
		9B07390D1E730D9F00C553EA /* Amazon.h */ = {isa = PBXFileReference; fileEncoding = 4; lastKnownFileType = sourcecode.c.h; path = Amazon.h; sourceTree = "<group>"; };
		9B07390E1E730D9F00C553EA /* Amazon.m */ = {isa = PBXFileReference; fileEncoding = 4; lastKnownFileType = sourcecode.c.objc; path = Amazon.m; sourceTree = "<group>"; };
		9B0739101E730DA400C553EA /* Paypal.h */ = {isa = PBXFileReference; fileEncoding = 4; lastKnownFileType = sourcecode.c.h; path = Paypal.h; sourceTree = "<group>"; };
		9B0739111E730DA400C553EA /* Paypal.m */ = {isa = PBXFileReference; fileEncoding = 4; lastKnownFileType = sourcecode.c.objc; path = Paypal.m; sourceTree = "<group>"; };
		9B0739131E730DA900C553EA /* Stripe.h */ = {isa = PBXFileReference; fileEncoding = 4; lastKnownFileType = sourcecode.c.h; path = Stripe.h; sourceTree = "<group>"; };
		9B0739141E730DA900C553EA /* Stripe.m */ = {isa = PBXFileReference; fileEncoding = 4; lastKnownFileType = sourcecode.c.objc; path = Stripe.m; sourceTree = "<group>"; };
/* End PBXFileReference section */

/* Begin PBXFrameworksBuildPhase section */
		9B0738FA1E730B4C00C553EA /* Frameworks */ = {
			isa = PBXFrameworksBuildPhase;
			buildActionMask = 2147483647;
			files = (
			);
			runOnlyForDeploymentPostprocessing = 0;
		};
/* End PBXFrameworksBuildPhase section */

/* Begin PBXGroup section */
		9B0738F41E730B4C00C553EA = {
			isa = PBXGroup;
			children = (
				9B0738FF1E730B4C00C553EA /* Payments */,
				9B0738FE1E730B4C00C553EA /* Products */,
			);
			sourceTree = "<group>";
		};
		9B0738FE1E730B4C00C553EA /* Products */ = {
			isa = PBXGroup;
			children = (
				9B0738FD1E730B4C00C553EA /* Payments */,
			);
			name = Products;
			sourceTree = "<group>";
		};
		9B0738FF1E730B4C00C553EA /* Payments */ = {
			isa = PBXGroup;
			children = (
				9B0739001E730B4C00C553EA /* main.m */,
				9B0739071E730B6B00C553EA /* InputCollector.h */,
				9B0739081E730B6B00C553EA /* InputCollector.m */,
				9B07390A1E730CF300C553EA /* PaymentGateway.h */,
				9B07390B1E730CF300C553EA /* PaymentGateway.m */,
				9B07390D1E730D9F00C553EA /* Amazon.h */,
				9B07390E1E730D9F00C553EA /* Amazon.m */,
				9B0739101E730DA400C553EA /* Paypal.h */,
				9B0739111E730DA400C553EA /* Paypal.m */,
				9B0739131E730DA900C553EA /* Stripe.h */,
				9B0739141E730DA900C553EA /* Stripe.m */,
			);
			path = Payments;
			sourceTree = "<group>";
		};
/* End PBXGroup section */

/* Begin PBXNativeTarget section */
		9B0738FC1E730B4C00C553EA /* Payments */ = {
			isa = PBXNativeTarget;
			buildConfigurationList = 9B0739041E730B4C00C553EA /* Build configuration list for PBXNativeTarget "Payments" */;
			buildPhases = (
				9B0738F91E730B4C00C553EA /* Sources */,
				9B0738FA1E730B4C00C553EA /* Frameworks */,
				9B0738FB1E730B4C00C553EA /* CopyFiles */,
			);
			buildRules = (
			);
			dependencies = (
			);
			name = Payments;
			productName = Payments;
			productReference = 9B0738FD1E730B4C00C553EA /* Payments */;
			productType = "com.apple.product-type.tool";
		};
/* End PBXNativeTarget section */

/* Begin PBXProject section */
		9B0738F51E730B4C00C553EA /* Project object */ = {
			isa = PBXProject;
			attributes = {
				LastUpgradeCheck = 0820;
				ORGANIZATIONNAME = "Ben Weinberg";
				TargetAttributes = {
					9B0738FC1E730B4C00C553EA = {
						CreatedOnToolsVersion = 8.2.1;
						ProvisioningStyle = Automatic;
					};
				};
			};
			buildConfigurationList = 9B0738F81E730B4C00C553EA /* Build configuration list for PBXProject "Payments" */;
			compatibilityVersion = "Xcode 3.2";
			developmentRegion = English;
			hasScannedForEncodings = 0;
			knownRegions = (
				en,
			);
			mainGroup = 9B0738F41E730B4C00C553EA;
			productRefGroup = 9B0738FE1E730B4C00C553EA /* Products */;
			projectDirPath = "";
			projectRoot = "";
			targets = (
				9B0738FC1E730B4C00C553EA /* Payments */,
			);
		};
/* End PBXProject section */

/* Begin PBXSourcesBuildPhase section */
		9B0738F91E730B4C00C553EA /* Sources */ = {
			isa = PBXSourcesBuildPhase;
			buildActionMask = 2147483647;
			files = (
				9B07390C1E730CF300C553EA /* PaymentGateway.m in Sources */,
				9B07390F1E730D9F00C553EA /* Amazon.m in Sources */,
				9B0739121E730DA400C553EA /* Paypal.m in Sources */,
				9B0739091E730B6B00C553EA /* InputCollector.m in Sources */,
				9B0739151E730DA900C553EA /* Stripe.m in Sources */,
				9B0739011E730B4C00C553EA /* main.m in Sources */,
			);
			runOnlyForDeploymentPostprocessing = 0;
		};
/* End PBXSourcesBuildPhase section */

/* Begin XCBuildConfiguration section */
		9B0739021E730B4C00C553EA /* Debug */ = {
			isa = XCBuildConfiguration;
			buildSettings = {
				ALWAYS_SEARCH_USER_PATHS = NO;
				CLANG_ANALYZER_NONNULL = YES;
				CLANG_CXX_LANGUAGE_STANDARD = "gnu++0x";
				CLANG_CXX_LIBRARY = "libc++";
				CLANG_ENABLE_MODULES = YES;
				CLANG_ENABLE_OBJC_ARC = YES;
				CLANG_WARN_BOOL_CONVERSION = YES;
				CLANG_WARN_CONSTANT_CONVERSION = YES;
				CLANG_WARN_DIRECT_OBJC_ISA_USAGE = YES_ERROR;
				CLANG_WARN_DOCUMENTATION_COMMENTS = YES;
				CLANG_WARN_EMPTY_BODY = YES;
				CLANG_WARN_ENUM_CONVERSION = YES;
				CLANG_WARN_INFINITE_RECURSION = YES;
				CLANG_WARN_INT_CONVERSION = YES;
				CLANG_WARN_OBJC_ROOT_CLASS = YES_ERROR;
				CLANG_WARN_SUSPICIOUS_MOVE = YES;
				CLANG_WARN_UNREACHABLE_CODE = YES;
				CLANG_WARN__DUPLICATE_METHOD_MATCH = YES;
				CODE_SIGN_IDENTITY = "-";
				COPY_PHASE_STRIP = NO;
				DEBUG_INFORMATION_FORMAT = dwarf;
				ENABLE_STRICT_OBJC_MSGSEND = YES;
				ENABLE_TESTABILITY = YES;
				GCC_C_LANGUAGE_STANDARD = gnu99;
				GCC_DYNAMIC_NO_PIC = NO;
				GCC_NO_COMMON_BLOCKS = YES;
				GCC_OPTIMIZATION_LEVEL = 0;
				GCC_PREPROCESSOR_DEFINITIONS = (
					"DEBUG=1",
					"$(inherited)",
				);
				GCC_WARN_64_TO_32_BIT_CONVERSION = YES;
				GCC_WARN_ABOUT_RETURN_TYPE = YES_ERROR;
				GCC_WARN_UNDECLARED_SELECTOR = YES;
				GCC_WARN_UNINITIALIZED_AUTOS = YES_AGGRESSIVE;
				GCC_WARN_UNUSED_FUNCTION = YES;
				GCC_WARN_UNUSED_VARIABLE = YES;
				MACOSX_DEPLOYMENT_TARGET = 10.12;
				MTL_ENABLE_DEBUG_INFO = YES;
				ONLY_ACTIVE_ARCH = YES;
				SDKROOT = macosx;
			};
			name = Debug;
		};
		9B0739031E730B4C00C553EA /* Release */ = {
			isa = XCBuildConfiguration;
			buildSettings = {
				ALWAYS_SEARCH_USER_PATHS = NO;
				CLANG_ANALYZER_NONNULL = YES;
				CLANG_CXX_LANGUAGE_STANDARD = "gnu++0x";
				CLANG_CXX_LIBRARY = "libc++";
				CLANG_ENABLE_MODULES = YES;
				CLANG_ENABLE_OBJC_ARC = YES;
				CLANG_WARN_BOOL_CONVERSION = YES;
				CLANG_WARN_CONSTANT_CONVERSION = YES;
				CLANG_WARN_DIRECT_OBJC_ISA_USAGE = YES_ERROR;
				CLANG_WARN_DOCUMENTATION_COMMENTS = YES;
				CLANG_WARN_EMPTY_BODY = YES;
				CLANG_WARN_ENUM_CONVERSION = YES;
				CLANG_WARN_INFINITE_RECURSION = YES;
				CLANG_WARN_INT_CONVERSION = YES;
				CLANG_WARN_OBJC_ROOT_CLASS = YES_ERROR;
				CLANG_WARN_SUSPICIOUS_MOVE = YES;
				CLANG_WARN_UNREACHABLE_CODE = YES;
				CLANG_WARN__DUPLICATE_METHOD_MATCH = YES;
				CODE_SIGN_IDENTITY = "-";
				COPY_PHASE_STRIP = NO;
				DEBUG_INFORMATION_FORMAT = "dwarf-with-dsym";
				ENABLE_NS_ASSERTIONS = NO;
				ENABLE_STRICT_OBJC_MSGSEND = YES;
				GCC_C_LANGUAGE_STANDARD = gnu99;
				GCC_NO_COMMON_BLOCKS = YES;
				GCC_WARN_64_TO_32_BIT_CONVERSION = YES;
				GCC_WARN_ABOUT_RETURN_TYPE = YES_ERROR;
				GCC_WARN_UNDECLARED_SELECTOR = YES;
				GCC_WARN_UNINITIALIZED_AUTOS = YES_AGGRESSIVE;
				GCC_WARN_UNUSED_FUNCTION = YES;
				GCC_WARN_UNUSED_VARIABLE = YES;
				MACOSX_DEPLOYMENT_TARGET = 10.12;
				MTL_ENABLE_DEBUG_INFO = NO;
				SDKROOT = macosx;
			};
			name = Release;
		};
		9B0739051E730B4C00C553EA /* Debug */ = {
			isa = XCBuildConfiguration;
			buildSettings = {
				PRODUCT_NAME = "$(TARGET_NAME)";
			};
			name = Debug;
		};
		9B0739061E730B4C00C553EA /* Release */ = {
			isa = XCBuildConfiguration;
			buildSettings = {
				PRODUCT_NAME = "$(TARGET_NAME)";
			};
			name = Release;
		};
/* End XCBuildConfiguration section */

/* Begin XCConfigurationList section */
		9B0738F81E730B4C00C553EA /* Build configuration list for PBXProject "Payments" */ = {
			isa = XCConfigurationList;
			buildConfigurations = (
				9B0739021E730B4C00C553EA /* Debug */,
				9B0739031E730B4C00C553EA /* Release */,
			);
			defaultConfigurationIsVisible = 0;
			defaultConfigurationName = Release;
		};
		9B0739041E730B4C00C553EA /* Build configuration list for PBXNativeTarget "Payments" */ = {
			isa = XCConfigurationList;
			buildConfigurations = (
				9B0739051E730B4C00C553EA /* Debug */,
				9B0739061E730B4C00C553EA /* Release */,
			);
			defaultConfigurationIsVisible = 0;
		};
/* End XCConfigurationList section */
	};
	rootObject = 9B0738F51E730B4C00C553EA /* Project object */;
}
